
Microsoft Visual Studio Solution File, Format Version 12.00
# Visual Studio Version 17
VisualStudioVersion = 17.14.36401.2 d17.14
MinimumVisualStudioVersion = 10.0.40219.1
Project("{FAE04EC0-301F-11D3-BF4B-00C04F79EFBC}") = "Opaño_WPF_Project", "Opaño_WPF_Project\Opaño_WPF_Project.csproj", "{9D7661C1-F791-4CCA-94EB-30DADDAF2148}"
EndProject
Global
	GlobalSection(SolutionConfigurationPlatforms) = preSolution
		Debug|Any CPU = Debug|Any CPU
		Release|Any CPU = Release|Any CPU
	EndGlobalSection
	GlobalSection(ProjectConfigurationPlatforms) = postSolution
		{9D7661C1-F791-4CCA-94EB-30DADDAF2148}.Debug|Any CPU.ActiveCfg = Debug|Any CPU
		{9D7661C1-F791-4CCA-94EB-30DADDAF2148}.Debug|Any CPU.Build.0 = Debug|Any CPU
		{9D7661C1-F791-4CCA-94EB-30DADDAF2148}.Release|Any CPU.ActiveCfg = Release|Any CPU
		{9D7661C1-F791-4CCA-94EB-30DADDAF2148}.Release|Any CPU.Build.0 = Release|Any CPU
	EndGlobalSection
	GlobalSection(SolutionProperties) = preSolution
		HideSolutionNode = FALSE
	EndGlobalSection
	GlobalSection(ExtensibilityGlobals) = postSolution
		SolutionGuid = {7654997C-43A3-4B87-8E61-67BC1332D25E}
	EndGlobalSection
EndGlobal
